// !$*UTF8*$!
{
	archiveVersion = 1;
	classes = {
	};
	objectVersion = 77;
	objects = {

/* Begin PBXBuildFile section */
		0889F207D5209C7AD60F417E /* Message.swift in Sources */ = {isa = PBXBuildFile; fileRef = B335ECD95F20909CECE348FD /* Message.swift */; };
		4FE25CD720B41D80C2CCF650 /* AccessibilityService.swift in Sources */ = {isa = PBXBuildFile; fileRef = 9FCEA33DC0699E7586A97A76 /* AccessibilityService.swift */; };
		78755B49DCF8101E41103851 /* ContentView.swift in Sources */ = {isa = PBXBuildFile; fileRef = 571AC0B62C619CAB778DE290 /* ContentView.swift */; };
		8ECD2D343AD65A4C79C5713D /* ConversationSummary.swift in Sources */ = {isa = PBXBuildFile; fileRef = B20B58C9E7897C882058F324 /* ConversationSummary.swift */; };
		975846FC3E4ADB81B3DF421D /* LogEntry.swift in Sources */ = {isa = PBXBuildFile; fileRef = 4E0AA6B151F92ACB596D4BE2 /* LogEntry.swift */; };
		AD013E0648E1593703B7C8CF /* AssistantMCPServerApp.swift in Sources */ = {isa = PBXBuildFile; fileRef = 4B4D61B6655412532014B3F3 /* AssistantMCPServerApp.swift */; };
		B4DAE6153D479735EB046B00 /* MCPBridgeConnector.swift in Sources */ = {isa = PBXBuildFile; fileRef = 313A2DF0A99E2114E941F27D /* MCPBridgeConnector.swift */; };
		B70501F77AF65F11B61B12C5 /* WhatsAppScreenParser.swift in Sources */ = {isa = PBXBuildFile; fileRef = 337AABF6774B2C965A1EFA7B /* WhatsAppScreenParser.swift */; };
		BCBCD8E7B618EBCE46FE7106 /* AppModel.swift in Sources */ = {isa = PBXBuildFile; fileRef = F991203294EAD4A026E97297 /* AppModel.swift */; };
		C056608D171536CE21A13A31 /* LogView.swift in Sources */ = {isa = PBXBuildFile; fileRef = 5CA8A822A90E65304EB4117A /* LogView.swift */; };
		E70AF90D337046D43BBA5515 /* WhatsAppSnapshot.swift in Sources */ = {isa = PBXBuildFile; fileRef = 58510A5491043EDBCF44CBA2 /* WhatsAppSnapshot.swift */; };
		E7DE6FAE87284F0F590BD6DD /* RawAXNode.swift in Sources */ = {isa = PBXBuildFile; fileRef = 7B9152A28B25F873410DF1BD /* RawAXNode.swift */; };
		FD86FB8A89153AC0DF96A8C1 /* ChatState.swift in Sources */ = {isa = PBXBuildFile; fileRef = A06128D20FE499BE747B3838 /* ChatState.swift */; };
/* End PBXBuildFile section */

/* Begin PBXFileReference section */
		313A2DF0A99E2114E941F27D /* MCPBridgeConnector.swift */ = {isa = PBXFileReference; lastKnownFileType = sourcecode.swift; path = MCPBridgeConnector.swift; sourceTree = "<group>"; };
		337AABF6774B2C965A1EFA7B /* WhatsAppScreenParser.swift */ = {isa = PBXFileReference; lastKnownFileType = sourcecode.swift; path = WhatsAppScreenParser.swift; sourceTree = "<group>"; };
		4B4D61B6655412532014B3F3 /* AssistantMCPServerApp.swift */ = {isa = PBXFileReference; lastKnownFileType = sourcecode.swift; path = AssistantMCPServerApp.swift; sourceTree = "<group>"; };
		4E0AA6B151F92ACB596D4BE2 /* LogEntry.swift */ = {isa = PBXFileReference; lastKnownFileType = sourcecode.swift; path = LogEntry.swift; sourceTree = "<group>"; };
		571AC0B62C619CAB778DE290 /* ContentView.swift */ = {isa = PBXFileReference; lastKnownFileType = sourcecode.swift; path = ContentView.swift; sourceTree = "<group>"; };
		58510A5491043EDBCF44CBA2 /* WhatsAppSnapshot.swift */ = {isa = PBXFileReference; lastKnownFileType = sourcecode.swift; path = WhatsAppSnapshot.swift; sourceTree = "<group>"; };
		5CA8A822A90E65304EB4117A /* LogView.swift */ = {isa = PBXFileReference; lastKnownFileType = sourcecode.swift; path = LogView.swift; sourceTree = "<group>"; };
		6C76517EDEEFFFE51A7DC92D /* Info.plist */ = {isa = PBXFileReference; lastKnownFileType = text.plist; path = Info.plist; sourceTree = "<group>"; };
		7B9152A28B25F873410DF1BD /* RawAXNode.swift */ = {isa = PBXFileReference; lastKnownFileType = sourcecode.swift; path = RawAXNode.swift; sourceTree = "<group>"; };
		92F9C607163B46BD282192A1 /* AssistantMCPServer.app */ = {isa = PBXFileReference; explicitFileType = wrapper.application; includeInIndex = 0; path = AssistantMCPServer.app; sourceTree = BUILT_PRODUCTS_DIR; };
		9FCEA33DC0699E7586A97A76 /* AccessibilityService.swift */ = {isa = PBXFileReference; lastKnownFileType = sourcecode.swift; path = AccessibilityService.swift; sourceTree = "<group>"; };
		A06128D20FE499BE747B3838 /* ChatState.swift */ = {isa = PBXFileReference; lastKnownFileType = sourcecode.swift; path = ChatState.swift; sourceTree = "<group>"; };
		B20B58C9E7897C882058F324 /* ConversationSummary.swift */ = {isa = PBXFileReference; lastKnownFileType = sourcecode.swift; path = ConversationSummary.swift; sourceTree = "<group>"; };
		B335ECD95F20909CECE348FD /* Message.swift */ = {isa = PBXFileReference; lastKnownFileType = sourcecode.swift; path = Message.swift; sourceTree = "<group>"; };
		F991203294EAD4A026E97297 /* AppModel.swift */ = {isa = PBXFileReference; lastKnownFileType = sourcecode.swift; path = AppModel.swift; sourceTree = "<group>"; };
/* End PBXFileReference section */

/* Begin PBXGroup section */
		148B5640A7EBAD46921031B2 /* Products */ = {
			isa = PBXGroup;
			children = (
				92F9C607163B46BD282192A1 /* AssistantMCPServer.app */,
			);
			name = Products;
			sourceTree = "<group>";
		};
		2D71F85BEA2D9AFF700B0BD2 /* Models */ = {
			isa = PBXGroup;
			children = (
				A06128D20FE499BE747B3838 /* ChatState.swift */,
				B20B58C9E7897C882058F324 /* ConversationSummary.swift */,
				4E0AA6B151F92ACB596D4BE2 /* LogEntry.swift */,
				B335ECD95F20909CECE348FD /* Message.swift */,
				7B9152A28B25F873410DF1BD /* RawAXNode.swift */,
				58510A5491043EDBCF44CBA2 /* WhatsAppSnapshot.swift */,
			);
			path = Models;
			sourceTree = "<group>";
		};
		559117391B2B459DB34EBA72 /* Parser */ = {
			isa = PBXGroup;
			children = (
				337AABF6774B2C965A1EFA7B /* WhatsAppScreenParser.swift */,
			);
			path = Parser;
			sourceTree = "<group>";
		};
		69FC027ABD45E0F3CD809C02 /* Sources */ = {
			isa = PBXGroup;
			children = (
				4B4D61B6655412532014B3F3 /* AssistantMCPServerApp.swift */,
				6C76517EDEEFFFE51A7DC92D /* Info.plist */,
				E8D41F91E74AFB640EB124CA /* Accessibility */,
				99E8C1697159CBA3DA3044B1 /* App */,
				B9EECAB8D89B234378108A8B /* Connector */,
				2D71F85BEA2D9AFF700B0BD2 /* Models */,
				559117391B2B459DB34EBA72 /* Parser */,
				D6ACC55998FA7C1C18C9621E /* Views */,
			);
			path = Sources;
			sourceTree = "<group>";
		};
		79C8286570A3367999535624 = {
			isa = PBXGroup;
			children = (
				69FC027ABD45E0F3CD809C02 /* Sources */,
				148B5640A7EBAD46921031B2 /* Products */,
			);
			sourceTree = "<group>";
		};
		99E8C1697159CBA3DA3044B1 /* App */ = {
			isa = PBXGroup;
			children = (
				F991203294EAD4A026E97297 /* AppModel.swift */,
			);
			path = App;
			sourceTree = "<group>";
		};
		B9EECAB8D89B234378108A8B /* Connector */ = {
			isa = PBXGroup;
			children = (
				313A2DF0A99E2114E941F27D /* MCPBridgeConnector.swift */,
			);
			path = Connector;
			sourceTree = "<group>";
		};
		D6ACC55998FA7C1C18C9621E /* Views */ = {
			isa = PBXGroup;
			children = (
				571AC0B62C619CAB778DE290 /* ContentView.swift */,
				5CA8A822A90E65304EB4117A /* LogView.swift */,
			);
			path = Views;
			sourceTree = "<group>";
		};
		E8D41F91E74AFB640EB124CA /* Accessibility */ = {
			isa = PBXGroup;
			children = (
				9FCEA33DC0699E7586A97A76 /* AccessibilityService.swift */,
			);
			path = Accessibility;
			sourceTree = "<group>";
		};
/* End PBXGroup section */

/* Begin PBXNativeTarget section */
		13370C5A956536185EB60968 /* AssistantMCPServer */ = {
			isa = PBXNativeTarget;
			buildConfigurationList = 94B291469AF234F0729BB584 /* Build configuration list for PBXNativeTarget "AssistantMCPServer" */;
			buildPhases = (
				53FF2C80BCDDA42BBD983C02 /* Sources */,
			);
			buildRules = (
			);
			dependencies = (
			);
			name = AssistantMCPServer;
			packageProductDependencies = (
			);
			productName = AssistantMCPServer;
			productReference = 92F9C607163B46BD282192A1 /* AssistantMCPServer.app */;
			productType = "com.apple.product-type.application";
		};
/* End PBXNativeTarget section */

/* Begin PBXProject section */
		A8EFFB9B254D70179A5AB8E2 /* Project object */ = {
			isa = PBXProject;
			attributes = {
				BuildIndependentTargetsInParallel = YES;
				LastUpgradeCheck = 1430;
				TargetAttributes = {
					13370C5A956536185EB60968 = {
						DevelopmentTeam = RP7J7JX9L2;
						ProvisioningStyle = Manual;
					};
				};
			};
			buildConfigurationList = D7FD56E028ED0852AF25F079 /* Build configuration list for PBXProject "AssistantMCPServer" */;
			developmentRegion = en;
			hasScannedForEncodings = 0;
			knownRegions = (
				Base,
				en,
			);
			mainGroup = 79C8286570A3367999535624;
			minimizedProjectReferenceProxies = 1;
			preferredProjectObjectVersion = 77;
			productRefGroup = 148B5640A7EBAD46921031B2 /* Products */;
			projectDirPath = "";
			projectRoot = "";
			targets = (
				13370C5A956536185EB60968 /* AssistantMCPServer */,
			);
		};
/* End PBXProject section */

/* Begin PBXSourcesBuildPhase section */
		53FF2C80BCDDA42BBD983C02 /* Sources */ = {
			isa = PBXSourcesBuildPhase;
			buildActionMask = 2147483647;
			files = (
				4FE25CD720B41D80C2CCF650 /* AccessibilityService.swift in Sources */,
				BCBCD8E7B618EBCE46FE7106 /* AppModel.swift in Sources */,
				AD013E0648E1593703B7C8CF /* AssistantMCPServerApp.swift in Sources */,
				FD86FB8A89153AC0DF96A8C1 /* ChatState.swift in Sources */,
				78755B49DCF8101E41103851 /* ContentView.swift in Sources */,
				8ECD2D343AD65A4C79C5713D /* ConversationSummary.swift in Sources */,
				975846FC3E4ADB81B3DF421D /* LogEntry.swift in Sources */,
				C056608D171536CE21A13A31 /* LogView.swift in Sources */,
				B4DAE6153D479735EB046B00 /* MCPBridgeConnector.swift in Sources */,
				0889F207D5209C7AD60F417E /* Message.swift in Sources */,
				E7DE6FAE87284F0F590BD6DD /* RawAXNode.swift in Sources */,
				B70501F77AF65F11B61B12C5 /* WhatsAppScreenParser.swift in Sources */,
				E70AF90D337046D43BBA5515 /* WhatsAppSnapshot.swift in Sources */,
			);
			runOnlyForDeploymentPostprocessing = 0;
		};
/* End PBXSourcesBuildPhase section */

/* Begin XCBuildConfiguration section */
		21667FDD4F13E573D76610E6 /* Debug */ = {
			isa = XCBuildConfiguration;
			buildSettings = {
				ASSETCATALOG_COMPILER_APPICON_NAME = AppIcon;
				CODE_SIGN_IDENTITY = 8484C7E493D0945D34C283EE731478158A12930A;
				CODE_SIGN_STYLE = Manual;
				COMBINE_HIDPI_IMAGES = YES;
				DEVELOPMENT_TEAM = RP7J7JX9L2;
				ENABLE_HARDENED_RUNTIME = YES;
				INFOPLIST_FILE = Sources/Info.plist;
				LD_RUNPATH_SEARCH_PATHS = (
					"$(inherited)",
					"@executable_path/../Frameworks",
				);
				SDKROOT = macosx;
				SWIFT_VERSION = 5.0;
			};
			name = Debug;
		};
		42FDDA30D8C96D488EAF3E82 /* Debug */ = {
			isa = XCBuildConfiguration;
			buildSettings = {
				ALWAYS_SEARCH_USER_PATHS = NO;
				CLANG_ANALYZER_NONNULL = YES;
				CLANG_ANALYZER_NUMBER_OBJECT_CONVERSION = YES_AGGRESSIVE;
				CLANG_CXX_LANGUAGE_STANDARD = "gnu++14";
				CLANG_CXX_LIBRARY = "libc++";
				CLANG_ENABLE_MODULES = YES;
				CLANG_ENABLE_OBJC_ARC = YES;
				CLANG_ENABLE_OBJC_WEAK = YES;
				CLANG_WARN_BLOCK_CAPTURE_AUTORELEASING = YES;
				CLANG_WARN_BOOL_CONVERSION = YES;
				CLANG_WARN_COMMA = YES;
				CLANG_WARN_CONSTANT_CONVERSION = YES;
				CLANG_WARN_DEPRECATED_OBJC_IMPLEMENTATIONS = YES;
				CLANG_WARN_DIRECT_OBJC_ISA_USAGE = YES_ERROR;
				CLANG_WARN_DOCUMENTATION_COMMENTS = YES;
				CLANG_WARN_EMPTY_BODY = YES;
				CLANG_WARN_ENUM_CONVERSION = YES;
				CLANG_WARN_INFINITE_RECURSION = YES;
				CLANG_WARN_INT_CONVERSION = YES;
				CLANG_WARN_NON_LITERAL_NULL_CONVERSION = YES;
				CLANG_WARN_OBJC_IMPLICIT_RETAIN_SELF = YES;
				CLANG_WARN_OBJC_LITERAL_CONVERSION = YES;
				CLANG_WARN_OBJC_ROOT_CLASS = YES_ERROR;
				CLANG_WARN_QUOTED_INCLUDE_IN_FRAMEWORK_HEADER = YES;
				CLANG_WARN_RANGE_LOOP_ANALYSIS = YES;
				CLANG_WARN_STRICT_PROTOTYPES = YES;
				CLANG_WARN_SUSPICIOUS_MOVE = YES;
				CLANG_WARN_UNGUARDED_AVAILABILITY = YES_AGGRESSIVE;
				CLANG_WARN_UNREACHABLE_CODE = YES;
				CLANG_WARN__DUPLICATE_METHOD_MATCH = YES;
				COPY_PHASE_STRIP = NO;
				CURRENT_PROJECT_VERSION = 1;
				DEBUG_INFORMATION_FORMAT = dwarf;
				ENABLE_STRICT_OBJC_MSGSEND = YES;
				ENABLE_TESTABILITY = YES;
				GCC_C_LANGUAGE_STANDARD = gnu11;
				GCC_DYNAMIC_NO_PIC = NO;
				GCC_NO_COMMON_BLOCKS = YES;
				GCC_OPTIMIZATION_LEVEL = 0;
				GCC_PREPROCESSOR_DEFINITIONS = (
					"$(inherited)",
					"DEBUG=1",
				);
				GCC_WARN_64_TO_32_BIT_CONVERSION = YES;
				GCC_WARN_ABOUT_RETURN_TYPE = YES_ERROR;
				GCC_WARN_UNDECLARED_SELECTOR = YES;
				GCC_WARN_UNINITIALIZED_AUTOS = YES_AGGRESSIVE;
				GCC_WARN_UNUSED_FUNCTION = YES;
				GCC_WARN_UNUSED_VARIABLE = YES;
				MACOSX_DEPLOYMENT_TARGET = 14.0;
				MARKETING_VERSION = 0.1.0;
				MTL_ENABLE_DEBUG_INFO = INCLUDE_SOURCE;
				MTL_FAST_MATH = YES;
				ONLY_ACTIVE_ARCH = YES;
				PRODUCT_BUNDLE_IDENTIFIER = dev.wads.AssistantMCPServer;
				PRODUCT_NAME = "$(TARGET_NAME)";
				SDKROOT = macosx;
				SWIFT_ACTIVE_COMPILATION_CONDITIONS = DEBUG;
				SWIFT_OPTIMIZATION_LEVEL = "-Onone";
				SWIFT_VERSION = 5.0;
			};
			name = Debug;
		};
		A331F6C5407ADC37DBCD2A71 /* Release */ = {
			isa = XCBuildConfiguration;
			buildSettings = {
				ALWAYS_SEARCH_USER_PATHS = NO;
				CLANG_ANALYZER_NONNULL = YES;
				CLANG_ANALYZER_NUMBER_OBJECT_CONVERSION = YES_AGGRESSIVE;
				CLANG_CXX_LANGUAGE_STANDARD = "gnu++14";
				CLANG_CXX_LIBRARY = "libc++";
				CLANG_ENABLE_MODULES = YES;
				CLANG_ENABLE_OBJC_ARC = YES;
				CLANG_ENABLE_OBJC_WEAK = YES;
				CLANG_WARN_BLOCK_CAPTURE_AUTORELEASING = YES;
				CLANG_WARN_BOOL_CONVERSION = YES;
				CLANG_WARN_COMMA = YES;
				CLANG_WARN_CONSTANT_CONVERSION = YES;
				CLANG_WARN_DEPRECATED_OBJC_IMPLEMENTATIONS = YES;
				CLANG_WARN_DIRECT_OBJC_ISA_USAGE = YES_ERROR;
				CLANG_WARN_DOCUMENTATION_COMMENTS = YES;
				CLANG_WARN_EMPTY_BODY = YES;
				CLANG_WARN_ENUM_CONVERSION = YES;
				CLANG_WARN_INFINITE_RECURSION = YES;
				CLANG_WARN_INT_CONVERSION = YES;
				CLANG_WARN_NON_LITERAL_NULL_CONVERSION = YES;
				CLANG_WARN_OBJC_IMPLICIT_RETAIN_SELF = YES;
				CLANG_WARN_OBJC_LITERAL_CONVERSION = YES;
				CLANG_WARN_OBJC_ROOT_CLASS = YES_ERROR;
				CLANG_WARN_QUOTED_INCLUDE_IN_FRAMEWORK_HEADER = YES;
				CLANG_WARN_RANGE_LOOP_ANALYSIS = YES;
				CLANG_WARN_STRICT_PROTOTYPES = YES;
				CLANG_WARN_SUSPICIOUS_MOVE = YES;
				CLANG_WARN_UNGUARDED_AVAILABILITY = YES_AGGRESSIVE;
				CLANG_WARN_UNREACHABLE_CODE = YES;
				CLANG_WARN__DUPLICATE_METHOD_MATCH = YES;
				COPY_PHASE_STRIP = NO;
				CURRENT_PROJECT_VERSION = 1;
				DEBUG_INFORMATION_FORMAT = "dwarf-with-dsym";
				ENABLE_NS_ASSERTIONS = NO;
				ENABLE_STRICT_OBJC_MSGSEND = YES;
				GCC_C_LANGUAGE_STANDARD = gnu11;
				GCC_NO_COMMON_BLOCKS = YES;
				GCC_WARN_64_TO_32_BIT_CONVERSION = YES;
				GCC_WARN_ABOUT_RETURN_TYPE = YES_ERROR;
				GCC_WARN_UNDECLARED_SELECTOR = YES;
				GCC_WARN_UNINITIALIZED_AUTOS = YES_AGGRESSIVE;
				GCC_WARN_UNUSED_FUNCTION = YES;
				GCC_WARN_UNUSED_VARIABLE = YES;
				MACOSX_DEPLOYMENT_TARGET = 14.0;
				MARKETING_VERSION = 0.1.0;
				MTL_ENABLE_DEBUG_INFO = NO;
				MTL_FAST_MATH = YES;
				PRODUCT_BUNDLE_IDENTIFIER = dev.wads.AssistantMCPServer;
				PRODUCT_NAME = "$(TARGET_NAME)";
				SDKROOT = macosx;
				SWIFT_COMPILATION_MODE = wholemodule;
				SWIFT_OPTIMIZATION_LEVEL = "-O";
				SWIFT_VERSION = 5.0;
			};
			name = Release;
		};
		CE22176EB31B57D58E6C0AD0 /* Release */ = {
			isa = XCBuildConfiguration;
			buildSettings = {
				ASSETCATALOG_COMPILER_APPICON_NAME = AppIcon;
				CODE_SIGN_IDENTITY = 8484C7E493D0945D34C283EE731478158A12930A;
				CODE_SIGN_STYLE = Manual;
				COMBINE_HIDPI_IMAGES = YES;
				DEVELOPMENT_TEAM = RP7J7JX9L2;
				ENABLE_HARDENED_RUNTIME = YES;
				INFOPLIST_FILE = Sources/Info.plist;
				LD_RUNPATH_SEARCH_PATHS = (
					"$(inherited)",
					"@executable_path/../Frameworks",
				);
				SDKROOT = macosx;
				SWIFT_VERSION = 5.0;
			};
			name = Release;
		};
/* End XCBuildConfiguration section */

/* Begin XCConfigurationList section */
		94B291469AF234F0729BB584 /* Build configuration list for PBXNativeTarget "AssistantMCPServer" */ = {
			isa = XCConfigurationList;
			buildConfigurations = (
				21667FDD4F13E573D76610E6 /* Debug */,
				CE22176EB31B57D58E6C0AD0 /* Release */,
			);
			defaultConfigurationIsVisible = 0;
			defaultConfigurationName = Debug;
		};
		D7FD56E028ED0852AF25F079 /* Build configuration list for PBXProject "AssistantMCPServer" */ = {
			isa = XCConfigurationList;
			buildConfigurations = (
				42FDDA30D8C96D488EAF3E82 /* Debug */,
				A331F6C5407ADC37DBCD2A71 /* Release */,
			);
			defaultConfigurationIsVisible = 0;
			defaultConfigurationName = Debug;
		};
/* End XCConfigurationList section */
	};
	rootObject = A8EFFB9B254D70179A5AB8E2 /* Project object */;
}
